{
  "name": "kurento-group-call",
  "lockfileVersion": 2,
  "requires": true,
  "packages": {
    "": {
      "dependencies": {
        "kurento-utils": "^6.16.0"
      }
    },
    "node_modules/freeice": {
      "version": "2.2.2",
      "resolved": "https://registry.npmjs.org/freeice/-/freeice-2.2.2.tgz",
      "integrity": "sha512-XNoIxDHufqPIBSLpp4IrFPnoc+hv/0RwdOGhIoggIDC2ZKf5r6OoixbeoFJSmZOAq2aYiEUArhuQ8zVVrM5C4w==",
      "dependencies": {
        "normalice": "^1.0.0"
      }
    },
    "node_modules/hark": {
      "version": "1.2.3",
      "resolved": "https://registry.npmjs.org/hark/-/hark-1.2.3.tgz",
      "integrity": "sha512-u68vz9SCa38ESiFJSDjqK8XbXqWzyot7Cj6Y2b6jk2NJ+II3MY2dIrLMg/kjtIAun4Y1DHF/20hfx4rq1G5GMg==",
      "dependencies": {
        "wildemitter": "^1.2.0"
      }
    },
    "node_modules/inherits": {
      "version": "2.0.4",
      "resolved": "https://registry.npmjs.org/inherits/-/inherits-2.0.4.tgz",
      "integrity": "sha512-k/vGaX4/Yla3WzyMCvTQOXYeIHvqOKtnqBduzTHpzpQZzAskKMhZ2K+EnBiSM9zGSoIFeMpXKxa4dYeZIQqewQ=="
    },
    "node_modules/kurento-browser-extensions": {
      "version": "0.0.2",
      "resolved": "https://registry.npmjs.org/kurento-browser-extensions/-/kurento-browser-extensions-0.0.2.tgz",
      "integrity": "sha1-SyusK4IKoAS3JKz2rj603+gSars=",
      "optional": true
    },
    "node_modules/kurento-utils": {
      "version": "6.16.0",
      "resolved": "https://registry.npmjs.org/kurento-utils/-/kurento-utils-6.16.0.tgz",
      "integrity": "sha512-hyMC6bYOTiWESIEeulU55QC3bcdedFl1lf3bsFYePA4bUXKFhGa20LdWMsWngEWI/45Z78PGzfKcr9z0Cy0Sdg==",
      "dependencies": {
        "freeice": "^2.1.2",
        "hark": "^1.0.0",
        "inherits": "^2.0.0",
        "merge": "^1.2.0",
        "sdp-translator": "^0.1.15",
        "ua-parser-js": "^0.7.7",
        "uuid": "^3.0.0"
      },
      "optionalDependencies": {
        "kurento-browser-extensions": "*"
      }
    },
    "node_modules/merge": {
      "version": "1.2.1",
      "resolved": "https://registry.npmjs.org/merge/-/merge-1.2.1.tgz",
      "integrity": "sha512-VjFo4P5Whtj4vsLzsYBu5ayHhoHJ0UqNm7ibvShmbmoz7tGi0vXaoJbGdB+GmDMLUdg8DpQXEIeVDAe8MaABvQ=="
    },
    "node_modules/normalice": {
      "version": "1.0.1",
      "resolved": "https://registry.npmjs.org/normalice/-/normalice-1.0.1.tgz",
      "integrity": "sha1-A0NcLuzVYxprygLaOTDsPjRagPc="
    },
    "node_modules/sdp-transform": {
      "version": "1.5.3",
      "resolved": "https://registry.npmjs.org/sdp-transform/-/sdp-transform-1.5.3.tgz",
      "integrity": "sha1-im0Pi9aZzjq8MQuksc3lmJKKCBY=",
      "bin": {
        "sdp-verify": "checker.js"
      }
    },
    "node_modules/sdp-translator": {
      "version": "0.1.24",
      "resolved": "https://registry.npmjs.org/sdp-translator/-/sdp-translator-0.1.24.tgz",
      "integrity": "sha1-g/uNY0pj8VzZlEI33ZC9QGkGxvM=",
      "dependencies": {
        "sdp-transform": "1.5.*"
      }
    },
    "node_modules/ua-parser-js": {
      "version": "0.7.31",
      "resolved": "https://registry.npmjs.org/ua-parser-js/-/ua-parser-js-0.7.31.tgz",
      "integrity": "sha512-qLK/Xe9E2uzmYI3qLeOmI0tEOt+TBBQyUIAh4aAgU05FVYzeZrKUdkAZfBNVGRaHVgV0TDkdEngJSw/SyQchkQ==",
      "funding": [
        {
          "type": "opencollective",
          "url": "https://opencollective.com/ua-parser-js"
        },
        {
          "type": "paypal",
          "url": "https://paypal.me/faisalman"
        }
      ],
      "engines": {
        "node": "*"
      }
    },
    "node_modules/uuid": {
      "version": "3.4.0",
      "resolved": "https://registry.npmjs.org/uuid/-/uuid-3.4.0.tgz",
      "integrity": "sha512-HjSDRw6gZE5JMggctHBcjVak08+KEVhSIiDzFnT9S9aegmp85S/bReBVTb4QTFaRNptJ9kuYaNhnbNEOkbKb/A==",
      "deprecated": "Please upgrade  to version 7 or higher.  Older versions may use Math.random() in certain circumstances, which is known to be problematic.  See https://v8.dev/blog/math-random for details.",
      "bin": {
        "uuid": "bin/uuid"
      }
    },
    "node_modules/wildemitter": {
      "version": "1.2.1",
      "resolved": "https://registry.npmjs.org/wildemitter/-/wildemitter-1.2.1.tgz",
      "integrity": "sha512-UMmSUoIQSir+XbBpTxOTS53uJ8s/lVhADCkEbhfRjUGFDPme/XGOb0sBWLx5sTz7Wx/2+TlAw1eK9O5lw5PiEw=="
    }
  },
  "dependencies": {
    "freeice": {
      "version": "2.2.2",
      "resolved": "https://registry.npmjs.org/freeice/-/freeice-2.2.2.tgz",
      "integrity": "sha512-XNoIxDHufqPIBSLpp4IrFPnoc+hv/0RwdOGhIoggIDC2ZKf5r6OoixbeoFJSmZOAq2aYiEUArhuQ8zVVrM5C4w==",
      "requires": {
        "normalice": "^1.0.0"
      }
    },
    "hark": {
      "version": "1.2.3",
      "resolved": "https://registry.npmjs.org/hark/-/hark-1.2.3.tgz",
      "integrity": "sha512-u68vz9SCa38ESiFJSDjqK8XbXqWzyot7Cj6Y2b6jk2NJ+II3MY2dIrLMg/kjtIAun4Y1DHF/20hfx4rq1G5GMg==",
      "requires": {
        "wildemitter": "^1.2.0"
      }
    },
    "inherits": {
      "version": "2.0.4",
      "resolved": "https://registry.npmjs.org/inherits/-/inherits-2.0.4.tgz",
      "integrity": "sha512-k/vGaX4/Yla3WzyMCvTQOXYeIHvqOKtnqBduzTHpzpQZzAskKMhZ2K+EnBiSM9zGSoIFeMpXKxa4dYeZIQqewQ=="
    },
    "kurento-browser-extensions": {
      "version": "0.0.2",
      "resolved": "https://registry.npmjs.org/kurento-browser-extensions/-/kurento-browser-extensions-0.0.2.tgz",
      "integrity": "sha1-SyusK4IKoAS3JKz2rj603+gSars=",
      "optional": true
    },
    "kurento-utils": {
      "version": "6.16.0",
      "resolved": "https://registry.npmjs.org/kurento-utils/-/kurento-utils-6.16.0.tgz",
      "integrity": "sha512-hyMC6bYOTiWESIEeulU55QC3bcdedFl1lf3bsFYePA4bUXKFhGa20LdWMsWngEWI/45Z78PGzfKcr9z0Cy0Sdg==",
      "requires": {
        "freeice": "^2.1.2",
        "hark": "^1.0.0",
        "inherits": "^2.0.0",
        "kurento-browser-extensions": "*",
        "merge": "^1.2.0",
        "sdp-translator": "^0.1.15",
        "ua-parser-js": "^0.7.7",
        "uuid": "^3.0.0"
      }
    },
    "merge": {
      "version": "1.2.1",
      "resolved": "https://registry.npmjs.org/merge/-/merge-1.2.1.tgz",
      "integrity": "sha512-VjFo4P5Whtj4vsLzsYBu5ayHhoHJ0UqNm7ibvShmbmoz7tGi0vXaoJbGdB+GmDMLUdg8DpQXEIeVDAe8MaABvQ=="
    },
    "normalice": {
      "version": "1.0.1",
      "resolved": "https://registry.npmjs.org/normalice/-/normalice-1.0.1.tgz",
      "integrity": "sha1-A0NcLuzVYxprygLaOTDsPjRagPc="
    },
    "sdp-transform": {
      "version": "1.5.3",
      "resolved": "https://registry.npmjs.org/sdp-transform/-/sdp-transform-1.5.3.tgz",
      "integrity": "sha1-im0Pi9aZzjq8MQuksc3lmJKKCBY="
    },
    "sdp-translator": {
      "version": "0.1.24",
      "resolved": "https://registry.npmjs.org/sdp-translator/-/sdp-translator-0.1.24.tgz",
      "integrity": "sha1-g/uNY0pj8VzZlEI33ZC9QGkGxvM=",
      "requires": {
        "sdp-transform": "1.5.*"
      }
    },
    "ua-parser-js": {
      "version": "0.7.31",
      "resolved": "https://registry.npmjs.org/ua-parser-js/-/ua-parser-js-0.7.31.tgz",
      "integrity": "sha512-qLK/Xe9E2uzmYI3qLeOmI0tEOt+TBBQyUIAh4aAgU05FVYzeZrKUdkAZfBNVGRaHVgV0TDkdEngJSw/SyQchkQ=="
    },
    "uuid": {
      "version": "3.4.0",
      "resolved": "https://registry.npmjs.org/uuid/-/uuid-3.4.0.tgz",
      "integrity": "sha512-HjSDRw6gZE5JMggctHBcjVak08+KEVhSIiDzFnT9S9aegmp85S/bReBVTb4QTFaRNptJ9kuYaNhnbNEOkbKb/A=="
    },
    "wildemitter": {
      "version": "1.2.1",
      "resolved": "https://registry.npmjs.org/wildemitter/-/wildemitter-1.2.1.tgz",
      "integrity": "sha512-UMmSUoIQSir+XbBpTxOTS53uJ8s/lVhADCkEbhfRjUGFDPme/XGOb0sBWLx5sTz7Wx/2+TlAw1eK9O5lw5PiEw=="
    }
  }
}
